// !$*UTF8*$!
{
	archiveVersion = 1;
	classes = {
	};
	objectVersion = 48;
	objects = {

/* Begin PBXBuildFile section */
		3218777E09B8D761375B2BB8 /* Pods_ShopifyStore.framework in Frameworks */ = {isa = PBXBuildFile; fileRef = B47BCBEFB2D02EF01C9CBEE6 /* Pods_ShopifyStore.framework */; };
		9F3EA8641FFEE68600F4F979 /* AppDelegate.swift in Sources */ = {isa = PBXBuildFile; fileRef = 9F3EA8631FFEE68600F4F979 /* AppDelegate.swift */; };
		9F3EA8661FFEE68600F4F979 /* ViewController.swift in Sources */ = {isa = PBXBuildFile; fileRef = 9F3EA8651FFEE68600F4F979 /* ViewController.swift */; };
		9F3EA8691FFEE68600F4F979 /* Main.storyboard in Resources */ = {isa = PBXBuildFile; fileRef = 9F3EA8671FFEE68600F4F979 /* Main.storyboard */; };
		9F3EA86C1FFEE68600F4F979 /* ShopifyStore.xcdatamodeld in Sources */ = {isa = PBXBuildFile; fileRef = 9F3EA86A1FFEE68600F4F979 /* ShopifyStore.xcdatamodeld */; };
		9F3EA86E1FFEE68600F4F979 /* Assets.xcassets in Resources */ = {isa = PBXBuildFile; fileRef = 9F3EA86D1FFEE68600F4F979 /* Assets.xcassets */; };
		9F3EA8711FFEE68600F4F979 /* LaunchScreen.storyboard in Resources */ = {isa = PBXBuildFile; fileRef = 9F3EA86F1FFEE68600F4F979 /* LaunchScreen.storyboard */; };
		9F3EA8791FFEEEC700F4F979 /* Product.swift in Sources */ = {isa = PBXBuildFile; fileRef = 9F3EA8781FFEEEC700F4F979 /* Product.swift */; };
		9F3EA87B1FFF08D900F4F979 /* ProductCell.swift in Sources */ = {isa = PBXBuildFile; fileRef = 9F3EA87A1FFF08D900F4F979 /* ProductCell.swift */; };
		9F3EA87D1FFF23BB00F4F979 /* ProductViewController.swift in Sources */ = {isa = PBXBuildFile; fileRef = 9F3EA87C1FFF23BB00F4F979 /* ProductViewController.swift */; };
/* End PBXBuildFile section */

/* Begin PBXFileReference section */
		9F3EA8601FFEE68500F4F979 /* ShopifyStore.app */ = {isa = PBXFileReference; explicitFileType = wrapper.application; includeInIndex = 0; path = ShopifyStore.app; sourceTree = BUILT_PRODUCTS_DIR; };
		9F3EA8631FFEE68600F4F979 /* AppDelegate.swift */ = {isa = PBXFileReference; lastKnownFileType = sourcecode.swift; path = AppDelegate.swift; sourceTree = "<group>"; };
		9F3EA8651FFEE68600F4F979 /* ViewController.swift */ = {isa = PBXFileReference; lastKnownFileType = sourcecode.swift; path = ViewController.swift; sourceTree = "<group>"; };
		9F3EA8681FFEE68600F4F979 /* Base */ = {isa = PBXFileReference; lastKnownFileType = file.storyboard; name = Base; path = Base.lproj/Main.storyboard; sourceTree = "<group>"; };
		9F3EA86B1FFEE68600F4F979 /* ShopifyStore.xcdatamodel */ = {isa = PBXFileReference; lastKnownFileType = wrapper.xcdatamodel; path = ShopifyStore.xcdatamodel; sourceTree = "<group>"; };
		9F3EA86D1FFEE68600F4F979 /* Assets.xcassets */ = {isa = PBXFileReference; lastKnownFileType = folder.assetcatalog; path = Assets.xcassets; sourceTree = "<group>"; };
		9F3EA8701FFEE68600F4F979 /* Base */ = {isa = PBXFileReference; lastKnownFileType = file.storyboard; name = Base; path = Base.lproj/LaunchScreen.storyboard; sourceTree = "<group>"; };
		9F3EA8721FFEE68600F4F979 /* Info.plist */ = {isa = PBXFileReference; lastKnownFileType = text.plist.xml; path = Info.plist; sourceTree = "<group>"; };
		9F3EA8781FFEEEC700F4F979 /* Product.swift */ = {isa = PBXFileReference; lastKnownFileType = sourcecode.swift; path = Product.swift; sourceTree = "<group>"; };
		9F3EA87A1FFF08D900F4F979 /* ProductCell.swift */ = {isa = PBXFileReference; lastKnownFileType = sourcecode.swift; path = ProductCell.swift; sourceTree = "<group>"; };
		9F3EA87C1FFF23BB00F4F979 /* ProductViewController.swift */ = {isa = PBXFileReference; lastKnownFileType = sourcecode.swift; path = ProductViewController.swift; sourceTree = "<group>"; };
		B47BCBEFB2D02EF01C9CBEE6 /* Pods_ShopifyStore.framework */ = {isa = PBXFileReference; explicitFileType = wrapper.framework; includeInIndex = 0; path = Pods_ShopifyStore.framework; sourceTree = BUILT_PRODUCTS_DIR; };
		C36758633FA4A61E547B0E2F /* Pods-ShopifyStore.debug.xcconfig */ = {isa = PBXFileReference; includeInIndex = 1; lastKnownFileType = text.xcconfig; name = "Pods-ShopifyStore.debug.xcconfig"; path = "Pods/Target Support Files/Pods-ShopifyStore/Pods-ShopifyStore.debug.xcconfig"; sourceTree = "<group>"; };
		FE59CD17CE3463663E93C117 /* Pods-ShopifyStore.release.xcconfig */ = {isa = PBXFileReference; includeInIndex = 1; lastKnownFileType = text.xcconfig; name = "Pods-ShopifyStore.release.xcconfig"; path = "Pods/Target Support Files/Pods-ShopifyStore/Pods-ShopifyStore.release.xcconfig"; sourceTree = "<group>"; };
/* End PBXFileReference section */

/* Begin PBXFrameworksBuildPhase section */
		9F3EA85D1FFEE68500F4F979 /* Frameworks */ = {
			isa = PBXFrameworksBuildPhase;
			buildActionMask = 2147483647;
			files = (
				3218777E09B8D761375B2BB8 /* Pods_ShopifyStore.framework in Frameworks */,
			);
			runOnlyForDeploymentPostprocessing = 0;
		};
/* End PBXFrameworksBuildPhase section */

/* Begin PBXGroup section */
		9F3EA8571FFEE68500F4F979 = {
			isa = PBXGroup;
			children = (
				9F3EA8621FFEE68500F4F979 /* ShopifyStore */,
				9F3EA8611FFEE68500F4F979 /* Products */,
				B63CC9A8828B1518539E6A6D /* Pods */,
				BBB144645612FFE474FB7327 /* Frameworks */,
			);
			sourceTree = "<group>";
		};
		9F3EA8611FFEE68500F4F979 /* Products */ = {
			isa = PBXGroup;
			children = (
				9F3EA8601FFEE68500F4F979 /* ShopifyStore.app */,
			);
			name = Products;
			sourceTree = "<group>";
		};
		9F3EA8621FFEE68500F4F979 /* ShopifyStore */ = {
			isa = PBXGroup;
			children = (
				9F3EA8631FFEE68600F4F979 /* AppDelegate.swift */,
				9F3EA8781FFEEEC700F4F979 /* Product.swift */,
				9F3EA8651FFEE68600F4F979 /* ViewController.swift */,
				9F3EA8671FFEE68600F4F979 /* Main.storyboard */,
				9F3EA87C1FFF23BB00F4F979 /* ProductViewController.swift */,
				9F3EA87A1FFF08D900F4F979 /* ProductCell.swift */,
				9F3EA86D1FFEE68600F4F979 /* Assets.xcassets */,
				9F3EA86F1FFEE68600F4F979 /* LaunchScreen.storyboard */,
				9F3EA8721FFEE68600F4F979 /* Info.plist */,
				9F3EA86A1FFEE68600F4F979 /* ShopifyStore.xcdatamodeld */,
			);
			path = ShopifyStore;
			sourceTree = "<group>";
		};
		B63CC9A8828B1518539E6A6D /* Pods */ = {
			isa = PBXGroup;
			children = (
				C36758633FA4A61E547B0E2F /* Pods-ShopifyStore.debug.xcconfig */,
				FE59CD17CE3463663E93C117 /* Pods-ShopifyStore.release.xcconfig */,
			);
			name = Pods;
			sourceTree = "<group>";
		};
		BBB144645612FFE474FB7327 /* Frameworks */ = {
			isa = PBXGroup;
			children = (
				B47BCBEFB2D02EF01C9CBEE6 /* Pods_ShopifyStore.framework */,
			);
			name = Frameworks;
			sourceTree = "<group>";
		};
/* End PBXGroup section */

/* Begin PBXNativeTarget section */
		9F3EA85F1FFEE68500F4F979 /* ShopifyStore */ = {
			isa = PBXNativeTarget;
			buildConfigurationList = 9F3EA8751FFEE68600F4F979 /* Build configuration list for PBXNativeTarget "ShopifyStore" */;
			buildPhases = (
				7D0EA3A46376D87B469BBC26 /* [CP] Check Pods Manifest.lock */,
				9F3EA85C1FFEE68500F4F979 /* Sources */,
				9F3EA85D1FFEE68500F4F979 /* Frameworks */,
				9F3EA85E1FFEE68500F4F979 /* Resources */,
				C13CA9178A279510C09CB25F /* [CP] Embed Pods Frameworks */,
				30AD87D9D0DD9C60079CB4F4 /* [CP] Copy Pods Resources */,
			);
			buildRules = (
			);
			dependencies = (
			);
			name = ShopifyStore;
			productName = ShopifyStore;
			productReference = 9F3EA8601FFEE68500F4F979 /* ShopifyStore.app */;
			productType = "com.apple.product-type.application";
		};
/* End PBXNativeTarget section */

/* Begin PBXProject section */
		9F3EA8581FFEE68500F4F979 /* Project object */ = {
			isa = PBXProject;
			attributes = {
				LastSwiftUpdateCheck = 0920;
				LastUpgradeCheck = 0920;
				ORGANIZATIONNAME = "Hazimi Asyraf";
				TargetAttributes = {
					9F3EA85F1FFEE68500F4F979 = {
						CreatedOnToolsVersion = 9.2;
						ProvisioningStyle = Automatic;
					};
				};
			};
			buildConfigurationList = 9F3EA85B1FFEE68500F4F979 /* Build configuration list for PBXProject "ShopifyStore" */;
			compatibilityVersion = "Xcode 8.0";
			developmentRegion = en;
			hasScannedForEncodings = 0;
			knownRegions = (
				en,
				Base,
			);
			mainGroup = 9F3EA8571FFEE68500F4F979;
			productRefGroup = 9F3EA8611FFEE68500F4F979 /* Products */;
			projectDirPath = "";
			projectRoot = "";
			targets = (
				9F3EA85F1FFEE68500F4F979 /* ShopifyStore */,
			);
		};
/* End PBXProject section */

/* Begin PBXResourcesBuildPhase section */
		9F3EA85E1FFEE68500F4F979 /* Resources */ = {
			isa = PBXResourcesBuildPhase;
			buildActionMask = 2147483647;
			files = (
				9F3EA8711FFEE68600F4F979 /* LaunchScreen.storyboard in Resources */,
				9F3EA86E1FFEE68600F4F979 /* Assets.xcassets in Resources */,
				9F3EA8691FFEE68600F4F979 /* Main.storyboard in Resources */,
			);
			runOnlyForDeploymentPostprocessing = 0;
		};
/* End PBXResourcesBuildPhase section */

/* Begin PBXShellScriptBuildPhase section */
		30AD87D9D0DD9C60079CB4F4 /* [CP] Copy Pods Resources */ = {
			isa = PBXShellScriptBuildPhase;
			buildActionMask = 2147483647;
			files = (
			);
			inputPaths = (
			);
			name = "[CP] Copy Pods Resources";
			outputPaths = (
			);
			runOnlyForDeploymentPostprocessing = 0;
			shellPath = /bin/sh;
			shellScript = "\"${SRCROOT}/Pods/Target Support Files/Pods-ShopifyStore/Pods-ShopifyStore-resources.sh\"\n";
			showEnvVarsInLog = 0;
		};
		7D0EA3A46376D87B469BBC26 /* [CP] Check Pods Manifest.lock */ = {
			isa = PBXShellScriptBuildPhase;
			buildActionMask = 2147483647;
			files = (
			);
			inputPaths = (
				"${PODS_PODFILE_DIR_PATH}/Podfile.lock",
				"${PODS_ROOT}/Manifest.lock",
			);
			name = "[CP] Check Pods Manifest.lock";
			outputPaths = (
				"$(DERIVED_FILE_DIR)/Pods-ShopifyStore-checkManifestLockResult.txt",
			);
			runOnlyForDeploymentPostprocessing = 0;
			shellPath = /bin/sh;
			shellScript = "diff \"${PODS_PODFILE_DIR_PATH}/Podfile.lock\" \"${PODS_ROOT}/Manifest.lock\" > /dev/null\nif [ $? != 0 ] ; then\n    # print error to STDERR\n    echo \"error: The sandbox is not in sync with the Podfile.lock. Run 'pod install' or update your CocoaPods installation.\" >&2\n    exit 1\nfi\n# This output is used by Xcode 'outputs' to avoid re-running this script phase.\necho \"SUCCESS\" > \"${SCRIPT_OUTPUT_FILE_0}\"\n";
			showEnvVarsInLog = 0;
		};
		C13CA9178A279510C09CB25F /* [CP] Embed Pods Frameworks */ = {
			isa = PBXShellScriptBuildPhase;
			buildActionMask = 2147483647;
			files = (
			);
			inputPaths = (
				"${SRCROOT}/Pods/Target Support Files/Pods-ShopifyStore/Pods-ShopifyStore-frameworks.sh",
				"${BUILT_PRODUCTS_DIR}/Alamofire/Alamofire.framework",
				"${BUILT_PRODUCTS_DIR}/AlamofireImage/AlamofireImage.framework",
			);
			name = "[CP] Embed Pods Frameworks";
			outputPaths = (
				"${TARGET_BUILD_DIR}/${FRAMEWORKS_FOLDER_PATH}/Alamofire.framework",
				"${TARGET_BUILD_DIR}/${FRAMEWORKS_FOLDER_PATH}/AlamofireImage.framework",
			);
			runOnlyForDeploymentPostprocessing = 0;
			shellPath = /bin/sh;
			shellScript = "\"${SRCROOT}/Pods/Target Support Files/Pods-ShopifyStore/Pods-ShopifyStore-frameworks.sh\"\n";
			showEnvVarsInLog = 0;
		};
/* End PBXShellScriptBuildPhase section */

/* Begin PBXSourcesBuildPhase section */
		9F3EA85C1FFEE68500F4F979 /* Sources */ = {
			isa = PBXSourcesBuildPhase;
			buildActionMask = 2147483647;
			files = (
				9F3EA87D1FFF23BB00F4F979 /* ProductViewController.swift in Sources */,
				9F3EA86C1FFEE68600F4F979 /* ShopifyStore.xcdatamodeld in Sources */,
				9F3EA8791FFEEEC700F4F979 /* Product.swift in Sources */,
				9F3EA87B1FFF08D900F4F979 /* ProductCell.swift in Sources */,
				9F3EA8661FFEE68600F4F979 /* ViewController.swift in Sources */,
				9F3EA8641FFEE68600F4F979 /* AppDelegate.swift in Sources */,
			);
			runOnlyForDeploymentPostprocessing = 0;
		};
/* End PBXSourcesBuildPhase section */

/* Begin PBXVariantGroup section */
		9F3EA8671FFEE68600F4F979 /* Main.storyboard */ = {
			isa = PBXVariantGroup;
			children = (
				9F3EA8681FFEE68600F4F979 /* Base */,
			);
			name = Main.storyboard;
			sourceTree = "<group>";
		};
		9F3EA86F1FFEE68600F4F979 /* LaunchScreen.storyboard */ = {
			isa = PBXVariantGroup;
			children = (
				9F3EA8701FFEE68600F4F979 /* Base */,
			);
			name = LaunchScreen.storyboard;
			sourceTree = "<group>";
		};
/* End PBXVariantGroup section */

/* Begin XCBuildConfiguration section */
		9F3EA8731FFEE68600F4F979 /* Debug */ = {
			isa = XCBuildConfiguration;
			buildSettings = {
				ALWAYS_SEARCH_USER_PATHS = NO;
				CLANG_ANALYZER_NONNULL = YES;
				CLANG_ANALYZER_NUMBER_OBJECT_CONVERSION = YES_AGGRESSIVE;
				CLANG_CXX_LANGUAGE_STANDARD = "gnu++14";
				CLANG_CXX_LIBRARY = "libc++";
				CLANG_ENABLE_MODULES = YES;
				CLANG_ENABLE_OBJC_ARC = YES;
				CLANG_WARN_BLOCK_CAPTURE_AUTORELEASING = YES;
				CLANG_WARN_BOOL_CONVERSION = YES;
				CLANG_WARN_COMMA = YES;
				CLANG_WARN_CONSTANT_CONVERSION = YES;
				CLANG_WARN_DIRECT_OBJC_ISA_USAGE = YES_ERROR;
				CLANG_WARN_DOCUMENTATION_COMMENTS = YES;
				CLANG_WARN_EMPTY_BODY = YES;
				CLANG_WARN_ENUM_CONVERSION = YES;
				CLANG_WARN_INFINITE_RECURSION = YES;
				CLANG_WARN_INT_CONVERSION = YES;
				CLANG_WARN_NON_LITERAL_NULL_CONVERSION = YES;
				CLANG_WARN_OBJC_LITERAL_CONVERSION = YES;
				CLANG_WARN_OBJC_ROOT_CLASS = YES_ERROR;
				CLANG_WARN_RANGE_LOOP_ANALYSIS = YES;
				CLANG_WARN_STRICT_PROTOTYPES = YES;
				CLANG_WARN_SUSPICIOUS_MOVE = YES;
				CLANG_WARN_UNGUARDED_AVAILABILITY = YES_AGGRESSIVE;
				CLANG_WARN_UNREACHABLE_CODE = YES;
				CLANG_WARN__DUPLICATE_METHOD_MATCH = YES;
				CODE_SIGN_IDENTITY = "iPhone Developer";
				COPY_PHASE_STRIP = NO;
				DEBUG_INFORMATION_FORMAT = dwarf;
				ENABLE_STRICT_OBJC_MSGSEND = YES;
				ENABLE_TESTABILITY = YES;
				GCC_C_LANGUAGE_STANDARD = gnu11;
				GCC_DYNAMIC_NO_PIC = NO;
				GCC_NO_COMMON_BLOCKS = YES;
				GCC_OPTIMIZATION_LEVEL = 0;
				GCC_PREPROCESSOR_DEFINITIONS = (
					"DEBUG=1",
					"$(inherited)",
				);
				GCC_WARN_64_TO_32_BIT_CONVERSION = YES;
				GCC_WARN_ABOUT_RETURN_TYPE = YES_ERROR;
				GCC_WARN_UNDECLARED_SELECTOR = YES;
				GCC_WARN_UNINITIALIZED_AUTOS = YES_AGGRESSIVE;
				GCC_WARN_UNUSED_FUNCTION = YES;
				GCC_WARN_UNUSED_VARIABLE = YES;
				IPHONEOS_DEPLOYMENT_TARGET = 11.2;
				MTL_ENABLE_DEBUG_INFO = YES;
				ONLY_ACTIVE_ARCH = YES;
				SDKROOT = iphoneos;
				SWIFT_ACTIVE_COMPILATION_CONDITIONS = DEBUG;
				SWIFT_OPTIMIZATION_LEVEL = "-Onone";
			};
			name = Debug;
		};
		9F3EA8741FFEE68600F4F979 /* Release */ = {
			isa = XCBuildConfiguration;
			buildSettings = {
				ALWAYS_SEARCH_USER_PATHS = NO;
				CLANG_ANALYZER_NONNULL = YES;
				CLANG_ANALYZER_NUMBER_OBJECT_CONVERSION = YES_AGGRESSIVE;
				CLANG_CXX_LANGUAGE_STANDARD = "gnu++14";
				CLANG_CXX_LIBRARY = "libc++";
				CLANG_ENABLE_MODULES = YES;
				CLANG_ENABLE_OBJC_ARC = YES;
				CLANG_WARN_BLOCK_CAPTURE_AUTORELEASING = YES;
				CLANG_WARN_BOOL_CONVERSION = YES;
				CLANG_WARN_COMMA = YES;
				CLANG_WARN_CONSTANT_CONVERSION = YES;
				CLANG_WARN_DIRECT_OBJC_ISA_USAGE = YES_ERROR;
				CLANG_WARN_DOCUMENTATION_COMMENTS = YES;
				CLANG_WARN_EMPTY_BODY = YES;
				CLANG_WARN_ENUM_CONVERSION = YES;
				CLANG_WARN_INFINITE_RECURSION = YES;
				CLANG_WARN_INT_CONVERSION = YES;
				CLANG_WARN_NON_LITERAL_NULL_CONVERSION = YES;
				CLANG_WARN_OBJC_LITERAL_CONVERSION = YES;
				CLANG_WARN_OBJC_ROOT_CLASS = YES_ERROR;
				CLANG_WARN_RANGE_LOOP_ANALYSIS = YES;
				CLANG_WARN_STRICT_PROTOTYPES = YES;
				CLANG_WARN_SUSPICIOUS_MOVE = YES;
				CLANG_WARN_UNGUARDED_AVAILABILITY = YES_AGGRESSIVE;
				CLANG_WARN_UNREACHABLE_CODE = YES;
				CLANG_WARN__DUPLICATE_METHOD_MATCH = YES;
				CODE_SIGN_IDENTITY = "iPhone Developer";
				COPY_PHASE_STRIP = NO;
				DEBUG_INFORMATION_FORMAT = "dwarf-with-dsym";
				ENABLE_NS_ASSERTIONS = NO;
				ENABLE_STRICT_OBJC_MSGSEND = YES;
				GCC_C_LANGUAGE_STANDARD = gnu11;
				GCC_NO_COMMON_BLOCKS = YES;
				GCC_WARN_64_TO_32_BIT_CONVERSION = YES;
				GCC_WARN_ABOUT_RETURN_TYPE = YES_ERROR;
				GCC_WARN_UNDECLARED_SELECTOR = YES;
				GCC_WARN_UNINITIALIZED_AUTOS = YES_AGGRESSIVE;
				GCC_WARN_UNUSED_FUNCTION = YES;
				GCC_WARN_UNUSED_VARIABLE = YES;
				IPHONEOS_DEPLOYMENT_TARGET = 11.2;
				MTL_ENABLE_DEBUG_INFO = NO;
				SDKROOT = iphoneos;
				SWIFT_OPTIMIZATION_LEVEL = "-Owholemodule";
				VALIDATE_PRODUCT = YES;
			};
			name = Release;
		};
		9F3EA8761FFEE68600F4F979 /* Debug */ = {
			isa = XCBuildConfiguration;
			baseConfigurationReference = C36758633FA4A61E547B0E2F /* Pods-ShopifyStore.debug.xcconfig */;
			buildSettings = {
				ASSETCATALOG_COMPILER_APPICON_NAME = AppIcon;
				CODE_SIGN_STYLE = Automatic;
				DEVELOPMENT_TEAM = 4GSB88PGZW;
				INFOPLIST_FILE = ShopifyStore/Info.plist;
				IPHONEOS_DEPLOYMENT_TARGET = 10;
				LD_RUNPATH_SEARCH_PATHS = "$(inherited) @executable_path/Frameworks";
				PRODUCT_BUNDLE_IDENTIFIER = hazimiasyraf.ShopifyStore;
				PRODUCT_NAME = "$(TARGET_NAME)";
				SWIFT_VERSION = 3.0;
				TARGETED_DEVICE_FAMILY = "1,2";
			};
			name = Debug;
		};
		9F3EA8771FFEE68600F4F979 /* Release */ = {
			isa = XCBuildConfiguration;
			baseConfigurationReference = FE59CD17CE3463663E93C117 /* Pods-ShopifyStore.release.xcconfig */;
			buildSettings = {
				ASSETCATALOG_COMPILER_APPICON_NAME = AppIcon;
				CODE_SIGN_STYLE = Automatic;
				DEVELOPMENT_TEAM = 4GSB88PGZW;
				INFOPLIST_FILE = ShopifyStore/Info.plist;
				IPHONEOS_DEPLOYMENT_TARGET = 10;
				LD_RUNPATH_SEARCH_PATHS = "$(inherited) @executable_path/Frameworks";
				PRODUCT_BUNDLE_IDENTIFIER = hazimiasyraf.ShopifyStore;
				PRODUCT_NAME = "$(TARGET_NAME)";
				SWIFT_VERSION = 3.0;
				TARGETED_DEVICE_FAMILY = "1,2";
			};
			name = Release;
		};
/* End XCBuildConfiguration section */

/* Begin XCConfigurationList section */
		9F3EA85B1FFEE68500F4F979 /* Build configuration list for PBXProject "ShopifyStore" */ = {
			isa = XCConfigurationList;
			buildConfigurations = (
				9F3EA8731FFEE68600F4F979 /* Debug */,
				9F3EA8741FFEE68600F4F979 /* Release */,
			);
			defaultConfigurationIsVisible = 0;
			defaultConfigurationName = Release;
		};
		9F3EA8751FFEE68600F4F979 /* Build configuration list for PBXNativeTarget "ShopifyStore" */ = {
			isa = XCConfigurationList;
			buildConfigurations = (
				9F3EA8761FFEE68600F4F979 /* Debug */,
				9F3EA8771FFEE68600F4F979 /* Release */,
			);
			defaultConfigurationIsVisible = 0;
			defaultConfigurationName = Release;
		};
/* End XCConfigurationList section */

/* Begin XCVersionGroup section */
		9F3EA86A1FFEE68600F4F979 /* ShopifyStore.xcdatamodeld */ = {
			isa = XCVersionGroup;
			children = (
				9F3EA86B1FFEE68600F4F979 /* ShopifyStore.xcdatamodel */,
			);
			currentVersion = 9F3EA86B1FFEE68600F4F979 /* ShopifyStore.xcdatamodel */;
			path = ShopifyStore.xcdatamodeld;
			sourceTree = "<group>";
			versionGroupType = wrapper.xcdatamodel;
		};
/* End XCVersionGroup section */
	};
	rootObject = 9F3EA8581FFEE68500F4F979 /* Project object */;
}
